// !$*UTF8*$!
{
	archiveVersion = 1;
	classes = {
	};
	objectVersion = 77;
	objects = {

/* Begin PBXContainerItemProxy section */
		BF2116AF2E13036A00937AB3 /* PBXContainerItemProxy */ = {
			isa = PBXContainerItemProxy;
			containerPortal = BF2116962E13036800937AB3 /* Project object */;
			proxyType = 1;
			remoteGlobalIDString = BF21169D2E13036800937AB3;
			remoteInfo = AppointmentAppIOS;
		};
		BF2116B92E13036A00937AB3 /* PBXContainerItemProxy */ = {
			isa = PBXContainerItemProxy;
			containerPortal = BF2116962E13036800937AB3 /* Project object */;
			proxyType = 1;
			remoteGlobalIDString = BF21169D2E13036800937AB3;
			remoteInfo = AppointmentAppIOS;
		};
/* End PBXContainerItemProxy section */

/* Begin PBXFileReference section */
		BF21169E2E13036800937AB3 /* AppointmentAppIOS.app */ = {isa = PBXFileReference; explicitFileType = wrapper.application; includeInIndex = 0; path = AppointmentAppIOS.app; sourceTree = BUILT_PRODUCTS_DIR; };
		BF2116AE2E13036A00937AB3 /* AppointmentAppIOSTests.xctest */ = {isa = PBXFileReference; explicitFileType = wrapper.cfbundle; includeInIndex = 0; path = AppointmentAppIOSTests.xctest; sourceTree = BUILT_PRODUCTS_DIR; };
		BF2116B82E13036A00937AB3 /* AppointmentAppIOSUITests.xctest */ = {isa = PBXFileReference; explicitFileType = wrapper.cfbundle; includeInIndex = 0; path = AppointmentAppIOSUITests.xctest; sourceTree = BUILT_PRODUCTS_DIR; };
/* End PBXFileReference section */

/* Begin PBXFileSystemSynchronizedBuildFileExceptionSet section */
		BF2116E22E1304B400937AB3 /* Exceptions for "AppointmentAppIOS" folder in "AppointmentAppIOS" target */ = {
			isa = PBXFileSystemSynchronizedBuildFileExceptionSet;
			membershipExceptions = (
				Info.plist,
			);
			target = BF21169D2E13036800937AB3 /* AppointmentAppIOS */;
		};
/* End PBXFileSystemSynchronizedBuildFileExceptionSet section */

/* Begin PBXFileSystemSynchronizedRootGroup section */
		BF2116A02E13036800937AB3 /* AppointmentAppIOS */ = {
			isa = PBXFileSystemSynchronizedRootGroup;
			exceptions = (
				BF2116E22E1304B400937AB3 /* Exceptions for "AppointmentAppIOS" folder in "AppointmentAppIOS" target */,
			);
			path = AppointmentAppIOS;
			sourceTree = "<group>";
		};
		BF2116B12E13036A00937AB3 /* AppointmentAppIOSTests */ = {
			isa = PBXFileSystemSynchronizedRootGroup;
			path = AppointmentAppIOSTests;
			sourceTree = "<group>";
		};
		BF2116BB2E13036A00937AB3 /* AppointmentAppIOSUITests */ = {
			isa = PBXFileSystemSynchronizedRootGroup;
			path = AppointmentAppIOSUITests;
			sourceTree = "<group>";
		};
/* End PBXFileSystemSynchronizedRootGroup section */

/* Begin PBXFrameworksBuildPhase section */
		BF21169B2E13036800937AB3 /* Frameworks */ = {
			isa = PBXFrameworksBuildPhase;
			buildActionMask = 2147483647;
			files = (
			);
			runOnlyForDeploymentPostprocessing = 0;
		};
		BF2116AB2E13036A00937AB3 /* Frameworks */ = {
			isa = PBXFrameworksBuildPhase;
			buildActionMask = 2147483647;
			files = (
			);
			runOnlyForDeploymentPostprocessing = 0;
		};
		BF2116B52E13036A00937AB3 /* Frameworks */ = {
			isa = PBXFrameworksBuildPhase;
			buildActionMask = 2147483647;
			files = (
			);
			runOnlyForDeploymentPostprocessing = 0;
		};
/* End PBXFrameworksBuildPhase section */

/* Begin PBXGroup section */
		BF2116952E13036800937AB3 = {
			isa = PBXGroup;
			children = (
				BF2116A02E13036800937AB3 /* AppointmentAppIOS */,
				BF2116B12E13036A00937AB3 /* AppointmentAppIOSTests */,
				BF2116BB2E13036A00937AB3 /* AppointmentAppIOSUITests */,
				BF21169F2E13036800937AB3 /* Products */,
			);
			sourceTree = "<group>";
		};
		BF21169F2E13036800937AB3 /* Products */ = {
			isa = PBXGroup;
			children = (
				BF21169E2E13036800937AB3 /* AppointmentAppIOS.app */,
				BF2116AE2E13036A00937AB3 /* AppointmentAppIOSTests.xctest */,
				BF2116B82E13036A00937AB3 /* AppointmentAppIOSUITests.xctest */,
			);
			name = Products;
			sourceTree = "<group>";
		};
/* End PBXGroup section */

/* Begin PBXNativeTarget section */
		BF21169D2E13036800937AB3 /* AppointmentAppIOS */ = {
			isa = PBXNativeTarget;
			buildConfigurationList = BF2116C22E13036A00937AB3 /* Build configuration list for PBXNativeTarget "AppointmentAppIOS" */;
			buildPhases = (
				BF21169A2E13036800937AB3 /* Sources */,
				BF21169B2E13036800937AB3 /* Frameworks */,
				BF21169C2E13036800937AB3 /* Resources */,
			);
			buildRules = (
			);
			dependencies = (
			);
			fileSystemSynchronizedGroups = (
				BF2116A02E13036800937AB3 /* AppointmentAppIOS */,
			);
			name = AppointmentAppIOS;
			packageProductDependencies = (
			);
			productName = AppointmentAppIOS;
			productReference = BF21169E2E13036800937AB3 /* AppointmentAppIOS.app */;
			productType = "com.apple.product-type.application";
		};
		BF2116AD2E13036A00937AB3 /* AppointmentAppIOSTests */ = {
			isa = PBXNativeTarget;
			buildConfigurationList = BF2116C52E13036A00937AB3 /* Build configuration list for PBXNativeTarget "AppointmentAppIOSTests" */;
			buildPhases = (
				BF2116AA2E13036A00937AB3 /* Sources */,
				BF2116AB2E13036A00937AB3 /* Frameworks */,
				BF2116AC2E13036A00937AB3 /* Resources */,
			);
			buildRules = (
			);
			dependencies = (
				BF2116B02E13036A00937AB3 /* PBXTargetDependency */,
			);
			fileSystemSynchronizedGroups = (
				BF2116B12E13036A00937AB3 /* AppointmentAppIOSTests */,
			);
			name = AppointmentAppIOSTests;
			packageProductDependencies = (
			);
			productName = AppointmentAppIOSTests;
			productReference = BF2116AE2E13036A00937AB3 /* AppointmentAppIOSTests.xctest */;
			productType = "com.apple.product-type.bundle.unit-test";
		};
		BF2116B72E13036A00937AB3 /* AppointmentAppIOSUITests */ = {
			isa = PBXNativeTarget;
			buildConfigurationList = BF2116C82E13036A00937AB3 /* Build configuration list for PBXNativeTarget "AppointmentAppIOSUITests" */;
			buildPhases = (
				BF2116B42E13036A00937AB3 /* Sources */,
				BF2116B52E13036A00937AB3 /* Frameworks */,
				BF2116B62E13036A00937AB3 /* Resources */,
			);
			buildRules = (
			);
			dependencies = (
				BF2116BA2E13036A00937AB3 /* PBXTargetDependency */,
			);
			fileSystemSynchronizedGroups = (
				BF2116BB2E13036A00937AB3 /* AppointmentAppIOSUITests */,
			);
			name = AppointmentAppIOSUITests;
			packageProductDependencies = (
			);
			productName = AppointmentAppIOSUITests;
			productReference = BF2116B82E13036A00937AB3 /* AppointmentAppIOSUITests.xctest */;
			productType = "com.apple.product-type.bundle.ui-testing";
		};
/* End PBXNativeTarget section */

/* Begin PBXProject section */
		BF2116962E13036800937AB3 /* Project object */ = {
			isa = PBXProject;
			attributes = {
				BuildIndependentTargetsInParallel = 1;
				LastSwiftUpdateCheck = 1620;
				LastUpgradeCheck = 1620;
				TargetAttributes = {
					BF21169D2E13036800937AB3 = {
						CreatedOnToolsVersion = 16.2;
					};
					BF2116AD2E13036A00937AB3 = {
						CreatedOnToolsVersion = 16.2;
						TestTargetID = BF21169D2E13036800937AB3;
					};
					BF2116B72E13036A00937AB3 = {
						CreatedOnToolsVersion = 16.2;
						TestTargetID = BF21169D2E13036800937AB3;
					};
				};
			};
			buildConfigurationList = BF2116992E13036800937AB3 /* Build configuration list for PBXProject "AppointmentAppIOS" */;
			developmentRegion = en;
			hasScannedForEncodings = 0;
			knownRegions = (
				en,
				Base,
			);
			mainGroup = BF2116952E13036800937AB3;
			minimizedProjectReferenceProxies = 1;
			preferredProjectObjectVersion = 77;
			productRefGroup = BF21169F2E13036800937AB3 /* Products */;
			projectDirPath = "";
			projectRoot = "";
			targets = (
				BF21169D2E13036800937AB3 /* AppointmentAppIOS */,
				BF2116AD2E13036A00937AB3 /* AppointmentAppIOSTests */,
				BF2116B72E13036A00937AB3 /* AppointmentAppIOSUITests */,
			);
		};
/* End PBXProject section */

/* Begin PBXResourcesBuildPhase section */
		BF21169C2E13036800937AB3 /* Resources */ = {
			isa = PBXResourcesBuildPhase;
			buildActionMask = 2147483647;
			files = (
			);
			runOnlyForDeploymentPostprocessing = 0;
		};
		BF2116AC2E13036A00937AB3 /* Resources */ = {
			isa = PBXResourcesBuildPhase;
			buildActionMask = 2147483647;
			files = (
			);
			runOnlyForDeploymentPostprocessing = 0;
		};
		BF2116B62E13036A00937AB3 /* Resources */ = {
			isa = PBXResourcesBuildPhase;
			buildActionMask = 2147483647;
			files = (
			);
			runOnlyForDeploymentPostprocessing = 0;
		};
/* End PBXResourcesBuildPhase section */

/* Begin PBXSourcesBuildPhase section */
		BF21169A2E13036800937AB3 /* Sources */ = {
			isa = PBXSourcesBuildPhase;
			buildActionMask = 2147483647;
			files = (
			);
			runOnlyForDeploymentPostprocessing = 0;
		};
		BF2116AA2E13036A00937AB3 /* Sources */ = {
			isa = PBXSourcesBuildPhase;
			buildActionMask = 2147483647;
			files = (
			);
			runOnlyForDeploymentPostprocessing = 0;
		};
		BF2116B42E13036A00937AB3 /* Sources */ = {
			isa = PBXSourcesBuildPhase;
			buildActionMask = 2147483647;
			files = (
			);
			runOnlyForDeploymentPostprocessing = 0;
		};
/* End PBXSourcesBuildPhase section */

/* Begin PBXTargetDependency section */
		BF2116B02E13036A00937AB3 /* PBXTargetDependency */ = {
			isa = PBXTargetDependency;
			target = BF21169D2E13036800937AB3 /* AppointmentAppIOS */;
			targetProxy = BF2116AF2E13036A00937AB3 /* PBXContainerItemProxy */;
		};
		BF2116BA2E13036A00937AB3 /* PBXTargetDependency */ = {
			isa = PBXTargetDependency;
			target = BF21169D2E13036800937AB3 /* AppointmentAppIOS */;
			targetProxy = BF2116B92E13036A00937AB3 /* PBXContainerItemProxy */;
		};
/* End PBXTargetDependency section */

/* Begin XCBuildConfiguration section */
		BF2116C02E13036A00937AB3 /* Debug */ = {
			isa = XCBuildConfiguration;
			buildSettings = {
				ALWAYS_SEARCH_USER_PATHS = NO;
				ASSETCATALOG_COMPILER_GENERATE_SWIFT_ASSET_SYMBOL_EXTENSIONS = YES;
				CLANG_ANALYZER_NONNULL = YES;
				CLANG_ANALYZER_NUMBER_OBJECT_CONVERSION = YES_AGGRESSIVE;
				CLANG_CXX_LANGUAGE_STANDARD = "gnu++20";
				CLANG_ENABLE_MODULES = YES;
				CLANG_ENABLE_OBJC_ARC = YES;
				CLANG_ENABLE_OBJC_WEAK = YES;
				CLANG_WARN_BLOCK_CAPTURE_AUTORELEASING = YES;
				CLANG_WARN_BOOL_CONVERSION = YES;
				CLANG_WARN_COMMA = YES;
				CLANG_WARN_CONSTANT_CONVERSION = YES;
				CLANG_WARN_DEPRECATED_OBJC_IMPLEMENTATIONS = YES;
				CLANG_WARN_DIRECT_OBJC_ISA_USAGE = YES_ERROR;
				CLANG_WARN_DOCUMENTATION_COMMENTS = YES;
				CLANG_WARN_EMPTY_BODY = YES;
				CLANG_WARN_ENUM_CONVERSION = YES;
				CLANG_WARN_INFINITE_RECURSION = YES;
				CLANG_WARN_INT_CONVERSION = YES;
				CLANG_WARN_NON_LITERAL_NULL_CONVERSION = YES;
				CLANG_WARN_OBJC_IMPLICIT_RETAIN_SELF = YES;
				CLANG_WARN_OBJC_LITERAL_CONVERSION = YES;
				CLANG_WARN_OBJC_ROOT_CLASS = YES_ERROR;
				CLANG_WARN_QUOTED_INCLUDE_IN_FRAMEWORK_HEADER = YES;
				CLANG_WARN_RANGE_LOOP_ANALYSIS = YES;
				CLANG_WARN_STRICT_PROTOTYPES = YES;
				CLANG_WARN_SUSPICIOUS_MOVE = YES;
				CLANG_WARN_UNGUARDED_AVAILABILITY = YES_AGGRESSIVE;
				CLANG_WARN_UNREACHABLE_CODE = YES;
				CLANG_WARN__DUPLICATE_METHOD_MATCH = YES;
				COPY_PHASE_STRIP = NO;
				DEBUG_INFORMATION_FORMAT = dwarf;
				ENABLE_STRICT_OBJC_MSGSEND = YES;
				ENABLE_TESTABILITY = YES;
				ENABLE_USER_SCRIPT_SANDBOXING = YES;
				GCC_C_LANGUAGE_STANDARD = gnu17;
				GCC_DYNAMIC_NO_PIC = NO;
				GCC_NO_COMMON_BLOCKS = YES;
				GCC_OPTIMIZATION_LEVEL = 0;
				GCC_PREPROCESSOR_DEFINITIONS = (
					"DEBUG=1",
					"$(inherited)",
				);
				GCC_WARN_64_TO_32_BIT_CONVERSION = YES;
				GCC_WARN_ABOUT_RETURN_TYPE = YES_ERROR;
				GCC_WARN_UNDECLARED_SELECTOR = YES;
				GCC_WARN_UNINITIALIZED_AUTOS = YES_AGGRESSIVE;
				GCC_WARN_UNUSED_FUNCTION = YES;
				GCC_WARN_UNUSED_VARIABLE = YES;
				IPHONEOS_DEPLOYMENT_TARGET = 18.2;
				LOCALIZATION_PREFERS_STRING_CATALOGS = YES;
				MTL_ENABLE_DEBUG_INFO = INCLUDE_SOURCE;
				MTL_FAST_MATH = YES;
				ONLY_ACTIVE_ARCH = YES;
				SDKROOT = iphoneos;
				SWIFT_ACTIVE_COMPILATION_CONDITIONS = "DEBUG $(inherited)";
				SWIFT_OPTIMIZATION_LEVEL = "-Onone";
			};
			name = Debug;
		};
		BF2116C12E13036A00937AB3 /* Release */ = {
			isa = XCBuildConfiguration;
			buildSettings = {
				ALWAYS_SEARCH_USER_PATHS = NO;
				ASSETCATALOG_COMPILER_GENERATE_SWIFT_ASSET_SYMBOL_EXTENSIONS = YES;
				CLANG_ANALYZER_NONNULL = YES;
				CLANG_ANALYZER_NUMBER_OBJECT_CONVERSION = YES_AGGRESSIVE;
				CLANG_CXX_LANGUAGE_STANDARD = "gnu++20";
				CLANG_ENABLE_MODULES = YES;
				CLANG_ENABLE_OBJC_ARC = YES;
				CLANG_ENABLE_OBJC_WEAK = YES;
				CLANG_WARN_BLOCK_CAPTURE_AUTORELEASING = YES;
				CLANG_WARN_BOOL_CONVERSION = YES;
				CLANG_WARN_COMMA = YES;
				CLANG_WARN_CONSTANT_CONVERSION = YES;
				CLANG_WARN_DEPRECATED_OBJC_IMPLEMENTATIONS = YES;
				CLANG_WARN_DIRECT_OBJC_ISA_USAGE = YES_ERROR;
				CLANG_WARN_DOCUMENTATION_COMMENTS = YES;
				CLANG_WARN_EMPTY_BODY = YES;
				CLANG_WARN_ENUM_CONVERSION = YES;
				CLANG_WARN_INFINITE_RECURSION = YES;
				CLANG_WARN_INT_CONVERSION = YES;
				CLANG_WARN_NON_LITERAL_NULL_CONVERSION = YES;
				CLANG_WARN_OBJC_IMPLICIT_RETAIN_SELF = YES;
				CLANG_WARN_OBJC_LITERAL_CONVERSION = YES;
				CLANG_WARN_OBJC_ROOT_CLASS = YES_ERROR;
				CLANG_WARN_QUOTED_INCLUDE_IN_FRAMEWORK_HEADER = YES;
				CLANG_WARN_RANGE_LOOP_ANALYSIS = YES;
				CLANG_WARN_STRICT_PROTOTYPES = YES;
				CLANG_WARN_SUSPICIOUS_MOVE = YES;
				CLANG_WARN_UNGUARDED_AVAILABILITY = YES_AGGRESSIVE;
				CLANG_WARN_UNREACHABLE_CODE = YES;
				CLANG_WARN__DUPLICATE_METHOD_MATCH = YES;
				COPY_PHASE_STRIP = NO;
				DEBUG_INFORMATION_FORMAT = "dwarf-with-dsym";
				ENABLE_NS_ASSERTIONS = NO;
				ENABLE_STRICT_OBJC_MSGSEND = YES;
				ENABLE_USER_SCRIPT_SANDBOXING = YES;
				GCC_C_LANGUAGE_STANDARD = gnu17;
				GCC_NO_COMMON_BLOCKS = YES;
				GCC_WARN_64_TO_32_BIT_CONVERSION = YES;
				GCC_WARN_ABOUT_RETURN_TYPE = YES_ERROR;
				GCC_WARN_UNDECLARED_SELECTOR = YES;
				GCC_WARN_UNINITIALIZED_AUTOS = YES_AGGRESSIVE;
				GCC_WARN_UNUSED_FUNCTION = YES;
				GCC_WARN_UNUSED_VARIABLE = YES;
				IPHONEOS_DEPLOYMENT_TARGET = 18.2;
				LOCALIZATION_PREFERS_STRING_CATALOGS = YES;
				MTL_ENABLE_DEBUG_INFO = NO;
				MTL_FAST_MATH = YES;
				SDKROOT = iphoneos;
				SWIFT_COMPILATION_MODE = wholemodule;
				VALIDATE_PRODUCT = YES;
			};
			name = Release;
		};
		BF2116C32E13036A00937AB3 /* Debug */ = {
			isa = XCBuildConfiguration;
			buildSettings = {
				ASSETCATALOG_COMPILER_APPICON_NAME = AppIcon;
				ASSETCATALOG_COMPILER_GLOBAL_ACCENT_COLOR_NAME = AccentColor;
				CODE_SIGN_STYLE = Automatic;
				CURRENT_PROJECT_VERSION = 1;
				DEVELOPMENT_ASSET_PATHS = "\"AppointmentAppIOS/Preview Content\"";
				DEVELOPMENT_TEAM = BX7ZFQ8NP3;
				ENABLE_PREVIEWS = YES;
				GENERATE_INFOPLIST_FILE = YES;
				INFOPLIST_FILE = AppointmentAppIOS/Info.plist;
				INFOPLIST_KEY_UIApplicationSceneManifest_Generation = YES;
				INFOPLIST_KEY_UIApplicationSupportsIndirectInputEvents = YES;
				INFOPLIST_KEY_UILaunchScreen_Generation = YES;
				INFOPLIST_KEY_UISupportedInterfaceOrientations_iPad = "UIInterfaceOrientationPortrait UIInterfaceOrientationPortraitUpsideDown UIInterfaceOrientationLandscapeLeft UIInterfaceOrientationLandscapeRight";
				INFOPLIST_KEY_UISupportedInterfaceOrientations_iPhone = "UIInterfaceOrientationPortrait UIInterfaceOrientationLandscapeLeft UIInterfaceOrientationLandscapeRight";
				LD_RUNPATH_SEARCH_PATHS = (
					"$(inherited)",
					"@executable_path/Frameworks",
				);
				MARKETING_VERSION = 1.0;
				PRODUCT_BUNDLE_IDENTIFIER = com.oguzhanabuhanoglu.AppointmentAppIOS;
				PRODUCT_NAME = "$(TARGET_NAME)";
				SWIFT_EMIT_LOC_STRINGS = YES;
				SWIFT_VERSION = 5.0;
				TARGETED_DEVICE_FAMILY = "1,2";
			};
			name = Debug;
		};
		BF2116C42E13036A00937AB3 /* Release */ = {
			isa = XCBuildConfiguration;
			buildSettings = {
				ASSETCATALOG_COMPILER_APPICON_NAME = AppIcon;
				ASSETCATALOG_COMPILER_GLOBAL_ACCENT_COLOR_NAME = AccentColor;
				CODE_SIGN_STYLE = Automatic;
				CURRENT_PROJECT_VERSION = 1;
				DEVELOPMENT_ASSET_PATHS = "\"AppointmentAppIOS/Preview Content\"";
				DEVELOPMENT_TEAM = BX7ZFQ8NP3;
				ENABLE_PREVIEWS = YES;
				GENERATE_INFOPLIST_FILE = YES;
				INFOPLIST_FILE = AppointmentAppIOS/Info.plist;
				INFOPLIST_KEY_UIApplicationSceneManifest_Generation = YES;
				INFOPLIST_KEY_UIApplicationSupportsIndirectInputEvents = YES;
				INFOPLIST_KEY_UILaunchScreen_Generation = YES;
				INFOPLIST_KEY_UISupportedInterfaceOrientations_iPad = "UIInterfaceOrientationPortrait UIInterfaceOrientationPortraitUpsideDown UIInterfaceOrientationLandscapeLeft UIInterfaceOrientationLandscapeRight";
				INFOPLIST_KEY_UISupportedInterfaceOrientations_iPhone = "UIInterfaceOrientationPortrait UIInterfaceOrientationLandscapeLeft UIInterfaceOrientationLandscapeRight";
				LD_RUNPATH_SEARCH_PATHS = (
					"$(inherited)",
					"@executable_path/Frameworks",
				);
				MARKETING_VERSION = 1.0;
				PRODUCT_BUNDLE_IDENTIFIER = com.oguzhanabuhanoglu.AppointmentAppIOS;
				PRODUCT_NAME = "$(TARGET_NAME)";
				SWIFT_EMIT_LOC_STRINGS = YES;
				SWIFT_VERSION = 5.0;
				TARGETED_DEVICE_FAMILY = "1,2";
			};
			name = Release;
		};
		BF2116C62E13036A00937AB3 /* Debug */ = {
			isa = XCBuildConfiguration;
			buildSettings = {
				BUNDLE_LOADER = "$(TEST_HOST)";
				CODE_SIGN_STYLE = Automatic;
				CURRENT_PROJECT_VERSION = 1;
				DEVELOPMENT_TEAM = BX7ZFQ8NP3;
				GENERATE_INFOPLIST_FILE = YES;
				IPHONEOS_DEPLOYMENT_TARGET = 18.2;
				MARKETING_VERSION = 1.0;
				PRODUCT_BUNDLE_IDENTIFIER = com.oguzhanabuhanoglu.AppointmentAppIOSTests;
				PRODUCT_NAME = "$(TARGET_NAME)";
				SWIFT_EMIT_LOC_STRINGS = NO;
				SWIFT_VERSION = 5.0;
				TARGETED_DEVICE_FAMILY = "1,2";
				TEST_HOST = "$(BUILT_PRODUCTS_DIR)/AppointmentAppIOS.app/$(BUNDLE_EXECUTABLE_FOLDER_PATH)/AppointmentAppIOS";
			};
			name = Debug;
		};
		BF2116C72E13036A00937AB3 /* Release */ = {
			isa = XCBuildConfiguration;
			buildSettings = {
				BUNDLE_LOADER = "$(TEST_HOST)";
				CODE_SIGN_STYLE = Automatic;
				CURRENT_PROJECT_VERSION = 1;
				DEVELOPMENT_TEAM = BX7ZFQ8NP3;
				GENERATE_INFOPLIST_FILE = YES;
				IPHONEOS_DEPLOYMENT_TARGET = 18.2;
				MARKETING_VERSION = 1.0;
				PRODUCT_BUNDLE_IDENTIFIER = com.oguzhanabuhanoglu.AppointmentAppIOSTests;
				PRODUCT_NAME = "$(TARGET_NAME)";
				SWIFT_EMIT_LOC_STRINGS = NO;
				SWIFT_VERSION = 5.0;
				TARGETED_DEVICE_FAMILY = "1,2";
				TEST_HOST = "$(BUILT_PRODUCTS_DIR)/AppointmentAppIOS.app/$(BUNDLE_EXECUTABLE_FOLDER_PATH)/AppointmentAppIOS";
			};
			name = Release;
		};
		BF2116C92E13036A00937AB3 /* Debug */ = {
			isa = XCBuildConfiguration;
			buildSettings = {
				CODE_SIGN_STYLE = Automatic;
				CURRENT_PROJECT_VERSION = 1;
				DEVELOPMENT_TEAM = BX7ZFQ8NP3;
				GENERATE_INFOPLIST_FILE = YES;
				MARKETING_VERSION = 1.0;
				PRODUCT_BUNDLE_IDENTIFIER = com.oguzhanabuhanoglu.AppointmentAppIOSUITests;
				PRODUCT_NAME = "$(TARGET_NAME)";
				SWIFT_EMIT_LOC_STRINGS = NO;
				SWIFT_VERSION = 5.0;
				TARGETED_DEVICE_FAMILY = "1,2";
				TEST_TARGET_NAME = AppointmentAppIOS;
			};
			name = Debug;
		};
		BF2116CA2E13036A00937AB3 /* Release */ = {
			isa = XCBuildConfiguration;
			buildSettings = {
				CODE_SIGN_STYLE = Automatic;
				CURRENT_PROJECT_VERSION = 1;
				DEVELOPMENT_TEAM = BX7ZFQ8NP3;
				GENERATE_INFOPLIST_FILE = YES;
				MARKETING_VERSION = 1.0;
				PRODUCT_BUNDLE_IDENTIFIER = com.oguzhanabuhanoglu.AppointmentAppIOSUITests;
				PRODUCT_NAME = "$(TARGET_NAME)";
				SWIFT_EMIT_LOC_STRINGS = NO;
				SWIFT_VERSION = 5.0;
				TARGETED_DEVICE_FAMILY = "1,2";
				TEST_TARGET_NAME = AppointmentAppIOS;
			};
			name = Release;
		};
/* End XCBuildConfiguration section */

/* Begin XCConfigurationList section */
		BF2116992E13036800937AB3 /* Build configuration list for PBXProject "AppointmentAppIOS" */ = {
			isa = XCConfigurationList;
			buildConfigurations = (
				BF2116C02E13036A00937AB3 /* Debug */,
				BF2116C12E13036A00937AB3 /* Release */,
			);
			defaultConfigurationIsVisible = 0;
			defaultConfigurationName = Release;
		};
		BF2116C22E13036A00937AB3 /* Build configuration list for PBXNativeTarget "AppointmentAppIOS" */ = {
			isa = XCConfigurationList;
			buildConfigurations = (
				BF2116C32E13036A00937AB3 /* Debug */,
				BF2116C42E13036A00937AB3 /* Release */,
			);
			defaultConfigurationIsVisible = 0;
			defaultConfigurationName = Release;
		};
		BF2116C52E13036A00937AB3 /* Build configuration list for PBXNativeTarget "AppointmentAppIOSTests" */ = {
			isa = XCConfigurationList;
			buildConfigurations = (
				BF2116C62E13036A00937AB3 /* Debug */,
				BF2116C72E13036A00937AB3 /* Release */,
			);
			defaultConfigurationIsVisible = 0;
			defaultConfigurationName = Release;
		};
		BF2116C82E13036A00937AB3 /* Build configuration list for PBXNativeTarget "AppointmentAppIOSUITests" */ = {
			isa = XCConfigurationList;
			buildConfigurations = (
				BF2116C92E13036A00937AB3 /* Debug */,
				BF2116CA2E13036A00937AB3 /* Release */,
			);
			defaultConfigurationIsVisible = 0;
			defaultConfigurationName = Release;
		};
/* End XCConfigurationList section */
	};
	rootObject = BF2116962E13036800937AB3 /* Project object */;
}
